
Microsoft Visual Studio Solution File, Format Version 11.00
# Visual Studio 2010
Project("{FAE04EC0-301F-11D3-BF4B-00C04F79EFBC}") = "KTV-stand-online-vsrsion", "KTV-stand-online-vsrsion\KTV-stand-online-vsrsion.csproj", "{5F81CCA6-6622-4B13-AAE7-D9C982EADCFD}"
EndProject
Global
	GlobalSection(SolutionConfigurationPlatforms) = preSolution
		Debug|x86 = Debug|x86
		Release|x86 = Release|x86
	EndGlobalSection
	GlobalSection(ProjectConfigurationPlatforms) = postSolution
		{5F81CCA6-6622-4B13-AAE7-D9C982EADCFD}.Debug|x86.ActiveCfg = Debug|x86
		{5F81CCA6-6622-4B13-AAE7-D9C982EADCFD}.Debug|x86.Build.0 = Debug|x86
		{5F81CCA6-6622-4B13-AAE7-D9C982EADCFD}.Release|x86.ActiveCfg = Release|x86
		{5F81CCA6-6622-4B13-AAE7-D9C982EADCFD}.Release|x86.Build.0 = Release|x86
	EndGlobalSection
	GlobalSection(SolutionProperties) = preSolution
		HideSolutionNode = FALSE
	EndGlobalSection
EndGlobal
